
Microsoft Visual Studio Solution File, Format Version 12.00
# Visual Studio 14
VisualStudioVersion = 14.0.25420.1
MinimumVisualStudioVersion = 10.0.40219.1
Project("{E24C65DC-7377-472B-9ABA-BC803B73C61A}") = "ChinookWeb", "ChinookWeb\", "{00624814-0322-47D8-885A-887FC97124CD}"
	ProjectSection(WebsiteProperties) = preProject
		TargetFrameworkMoniker = ".NETFramework,Version%3Dv4.5.2"
		ProjectReferences = "{e676ce92-671f-479f-87fd-b2c9e460ac48}|ChinookSystem.dll;{8e130f38-1b89-4577-b05d-95e6994e4c24}|ChinookSystem.Data.dll;"
		Debug.AspNetCompiler.VirtualPath = "/localhost_50301"
		Debug.AspNetCompiler.PhysicalPath = "ChinookWeb\"
		Debug.AspNetCompiler.TargetPath = "PrecompiledWeb\localhost_50301\"
		Debug.AspNetCompiler.Updateable = "true"
		Debug.AspNetCompiler.ForceOverwrite = "true"
		Debug.AspNetCompiler.FixedNames = "false"
		Debug.AspNetCompiler.Debug = "True"
		Release.AspNetCompiler.VirtualPath = "/localhost_50301"
		Release.AspNetCompiler.PhysicalPath = "ChinookWeb\"
		Release.AspNetCompiler.TargetPath = "PrecompiledWeb\localhost_50301\"
		Release.AspNetCompiler.Updateable = "true"
		Release.AspNetCompiler.ForceOverwrite = "true"
		Release.AspNetCompiler.FixedNames = "false"
		Release.AspNetCompiler.Debug = "False"
		VWDPort = "50301"
		SlnRelativePath = "ChinookWeb\"
		DefaultWebSiteLanguage = "Visual C#"
	EndProjectSection
EndProject
Project("{FAE04EC0-301F-11D3-BF4B-00C04F79EFBC}") = "ChinookSystem", "ChinookSystem\ChinookSystem.csproj", "{E676CE92-671F-479F-87FD-B2C9E460AC48}"
EndProject
Project("{FAE04EC0-301F-11D3-BF4B-00C04F79EFBC}") = "ChinookSystem.Data", "ChinookSystem.Data\ChinookSystem.Data.csproj", "{8E130F38-1B89-4577-B05D-95E6994E4C24}"
EndProject
Global
	GlobalSection(SolutionConfigurationPlatforms) = preSolution
		Debug|Any CPU = Debug|Any CPU
		Release|Any CPU = Release|Any CPU
	EndGlobalSection
	GlobalSection(ProjectConfigurationPlatforms) = postSolution
		{00624814-0322-47D8-885A-887FC97124CD}.Debug|Any CPU.ActiveCfg = Debug|Any CPU
		{00624814-0322-47D8-885A-887FC97124CD}.Debug|Any CPU.Build.0 = Debug|Any CPU
		{00624814-0322-47D8-885A-887FC97124CD}.Release|Any CPU.ActiveCfg = Debug|Any CPU
		{00624814-0322-47D8-885A-887FC97124CD}.Release|Any CPU.Build.0 = Debug|Any CPU
		{E676CE92-671F-479F-87FD-B2C9E460AC48}.Debug|Any CPU.ActiveCfg = Debug|Any CPU
		{E676CE92-671F-479F-87FD-B2C9E460AC48}.Debug|Any CPU.Build.0 = Debug|Any CPU
		{E676CE92-671F-479F-87FD-B2C9E460AC48}.Release|Any CPU.ActiveCfg = Release|Any CPU
		{E676CE92-671F-479F-87FD-B2C9E460AC48}.Release|Any CPU.Build.0 = Release|Any CPU
		{8E130F38-1B89-4577-B05D-95E6994E4C24}.Debug|Any CPU.ActiveCfg = Debug|Any CPU
		{8E130F38-1B89-4577-B05D-95E6994E4C24}.Debug|Any CPU.Build.0 = Debug|Any CPU
		{8E130F38-1B89-4577-B05D-95E6994E4C24}.Release|Any CPU.ActiveCfg = Release|Any CPU
		{8E130F38-1B89-4577-B05D-95E6994E4C24}.Release|Any CPU.Build.0 = Release|Any CPU
	EndGlobalSection
	GlobalSection(SolutionProperties) = preSolution
		HideSolutionNode = FALSE
	EndGlobalSection
EndGlobal
